{
    "_meta": {
        "hash": {
            "sha256": "4ae12ae74cf93319971afe12e8155d32d9fa96ae5974764b88ab92a70bfeee71"
        },
        "pipfile-spec": 6,
        "requires": {
            "python_version": "3.10"
        },
        "sources": [
            {
                "name": "pypi",
                "url": "https://pypi.org/simple",
                "verify_ssl": true
            }
        ]
    },
    "default": {
        "asgiref": {
            "hashes": [
                "sha256:1d2880b792ae8757289136f1db2b7b99100ce959b2aa57fd69dab783d05afac4",
                "sha256:4a29362a6acebe09bf1d6640db38c1dc3d9217c68e6f9f6204d72667fc19a424"
            ],
            "markers": "python_version >= '3.7'",
            "version": "==3.5.2"
        },
        "django": {
            "hashes": [
                "sha256:502ae42b6ab1b612c933fb50d5ff850facf858a4c212f76946ecd8ea5b3bf2d9",
                "sha256:f7431a5de7277966f3785557c3928433347d998c1e6459324501378a291e5aab"
            ],
            "index": "pypi",
            "version": "==4.0.5"
        },
        "django-admin": {
            "hashes": [
                "sha256:5c39d7a7614853425c11da2d9293748b104fe587f32bda2dd7ef56ab9ed7e61c",
                "sha256:63cfeb0d367488eb790b4a455dc9a5a64cc25f60060296c6d6e7fc0835c30cac"
            ],
            "index": "pypi",
            "version": "==2.0.1"
        },
        "django-cors-headers": {
            "hashes": [
                "sha256:37e42883b5f1f2295df6b4bba96eb2417a14a03270cb24b2a07f021cd4487cf4",
                "sha256:f9dc6b4e3f611c3199700b3e5f3398c28757dcd559c2f82932687f3d0443cfdf"
            ],
            "index": "pypi",
            "version": "==3.13.0"
        },
        "django-excel-base": {
            "hashes": [
                "sha256:654712990425bcd5f206b867a1e859d5e40c3aa624f901a129a0b3d3cb96fc29",
                "sha256:6f125ff049e706d36a84aff867be0db1d4e3ec837ed61be13e7488fa005269c6"
            ],
            "version": "==1.0.4"
        },
        "django-excel-response2": {
            "hashes": [
                "sha256:05eade79a5129beefcec4f3f90cd5d7c2540d028f70e788faa39adb50a458e9a",
                "sha256:864ba614fa42a749fde0079eee1a31525ed68ffa82d683fd933d179e71b12f6d"
            ],
            "index": "pypi",
            "version": "==3.0.2"
        },
        "django-six": {
            "hashes": [
                "sha256:b05c96f5a7dbdcf9b513748df27421e8d63e586399bac80a928a29d97d78d450",
                "sha256:d307483f3591fa3b471a3724659710229ea3127e112499f2b6f7fa7faa1e27e4"
            ],
            "index": "pypi",
            "version": "==1.0.4"
        },
        "djangorestframework": {
            "hashes": [
                "sha256:0c33407ce23acc68eca2a6e46424b008c9c02eceb8cf18581921d0092bc1f2ee",
                "sha256:24c4bf58ed7e85d1fe4ba250ab2da926d263cd57d64b03e8dcef0ac683f8b1aa"
            ],
            "index": "pypi",
            "version": "==3.13.1"
        },
        "pyjwt": {
            "hashes": [
                "sha256:72d1d253f32dbd4f5c88eaf1fdc62f3a19f676ccbadb9dbc5d07e951b2b26daf",
                "sha256:d42908208c699b3b973cbeb01a969ba6a96c821eefb1c5bfe4c390c01d67abba"
            ],
            "index": "pypi",
            "version": "==2.4.0"
        },
        "pytz": {
            "hashes": [
                "sha256:1e760e2fe6a8163bc0b3d9a19c4f84342afa0a2affebfaa84b01b978a02ecaa7",
                "sha256:e68985985296d9a66a881eb3193b0906246245294a881e7c8afe623866ac6a5c"
            ],
            "version": "==2022.1"
        },
        "screen": {
            "hashes": [
                "sha256:29009e0306d005679cc43c8cd69856a046265433310c10e71920591de3c58fda",
                "sha256:aebfe90de7b8a646d4f3c2b214bd6ffa2ab12ed9d0b14c08620d9c7f7b8ee670"
            ],
            "version": "==1.0.1"
        },
        "sqlparse": {
            "hashes": [
                "sha256:0c00730c74263a94e5a9919ade150dfc3b19c574389985446148402998287dae",
                "sha256:48719e356bb8b42991bdbb1e8b83223757b93789c00910a616a071910ca4a64d"
            ],
            "markers": "python_version >= '3.5'",
            "version": "==0.4.2"
        },
        "xlwt": {
            "hashes": [
                "sha256:a082260524678ba48a297d922cc385f58278b8aa68741596a87de01a9c628b2e",
                "sha256:c59912717a9b28f1a3c2a98fd60741014b06b043936dcecbc113eaaada156c88"
            ],
            "version": "==1.3.0"
        },
        "xmltodict": {
            "hashes": [
                "sha256:341595a488e3e01a85a9d8911d8912fd922ede5fecc4dce437eb4b6c8d037e56",
                "sha256:aa89e8fd76320154a40d19a0df04a4695fb9dc5ba977cbb68ab3e4eb225e7852"
            ],
            "index": "pypi",
            "version": "==0.13.0"
        }
    },
    "develop": {}
}
